
Microsoft Visual Studio Solution File, Format Version 12.00
# Visual Studio 14
VisualStudioVersion = 14.0.25123.0
MinimumVisualStudioVersion = 10.0.40219.1
Project("{FAE04EC0-301F-11D3-BF4B-00C04F79EFBC}") = "LVDD.Droid", "LVDD\LVDD.Droid\LVDD.Droid.csproj", "{9AB17C38-ADFF-4EF4-A9BA-D25CF06141CF}"
EndProject
Project("{FAE04EC0-301F-11D3-BF4B-00C04F79EFBC}") = "LVDD.iOS", "LVDD\LVDD.iOS\LVDD.iOS.csproj", "{A2BD7270-2168-4392-9769-4E9FE1910697}"
EndProject
Project("{FAE04EC0-301F-11D3-BF4B-00C04F79EFBC}") = "LVDD.UWP", "LVDD\LVDD.UWP\LVDD.UWP.csproj", "{9FF31E9D-8351-46AF-88AD-3C2F4D8C1F96}"
EndProject
Project("{FAE04EC0-301F-11D3-BF4B-00C04F79EFBC}") = "LVDD", "LVDD\LVDD\LVDD.csproj", "{0FACC110-256A-423F-B4D9-C33743E62117}"
EndProject
Global
	GlobalSection(SolutionConfigurationPlatforms) = preSolution
		Ad-Hoc|Any CPU = Ad-Hoc|Any CPU
		Ad-Hoc|ARM = Ad-Hoc|ARM
		Ad-Hoc|iPhone = Ad-Hoc|iPhone
		Ad-Hoc|iPhoneSimulator = Ad-Hoc|iPhoneSimulator
		Ad-Hoc|x64 = Ad-Hoc|x64
		Ad-Hoc|x86 = Ad-Hoc|x86
		AppStore|Any CPU = AppStore|Any CPU
		AppStore|ARM = AppStore|ARM
		AppStore|iPhone = AppStore|iPhone
		AppStore|iPhoneSimulator = AppStore|iPhoneSimulator
		AppStore|x64 = AppStore|x64
		AppStore|x86 = AppStore|x86
		Debug|Any CPU = Debug|Any CPU
		Debug|ARM = Debug|ARM
		Debug|iPhone = Debug|iPhone
		Debug|iPhoneSimulator = Debug|iPhoneSimulator
		Debug|x64 = Debug|x64
		Debug|x86 = Debug|x86
		Release|Any CPU = Release|Any CPU
		Release|ARM = Release|ARM
		Release|iPhone = Release|iPhone
		Release|iPhoneSimulator = Release|iPhoneSimulator
		Release|x64 = Release|x64
		Release|x86 = Release|x86
	EndGlobalSection
	GlobalSection(ProjectConfigurationPlatforms) = postSolution
		{9AB17C38-ADFF-4EF4-A9BA-D25CF06141CF}.Ad-Hoc|Any CPU.ActiveCfg = Release|Any CPU
		{9AB17C38-ADFF-4EF4-A9BA-D25CF06141CF}.Ad-Hoc|Any CPU.Build.0 = Release|Any CPU
		{9AB17C38-ADFF-4EF4-A9BA-D25CF06141CF}.Ad-Hoc|Any CPU.Deploy.0 = Release|Any CPU
		{9AB17C38-ADFF-4EF4-A9BA-D25CF06141CF}.Ad-Hoc|ARM.ActiveCfg = Release|Any CPU
		{9AB17C38-ADFF-4EF4-A9BA-D25CF06141CF}.Ad-Hoc|ARM.Build.0 = Release|Any CPU
		{9AB17C38-ADFF-4EF4-A9BA-D25CF06141CF}.Ad-Hoc|ARM.Deploy.0 = Release|Any CPU
		{9AB17C38-ADFF-4EF4-A9BA-D25CF06141CF}.Ad-Hoc|iPhone.ActiveCfg = Release|Any CPU
		{9AB17C38-ADFF-4EF4-A9BA-D25CF06141CF}.Ad-Hoc|iPhone.Build.0 = Release|Any CPU
		{9AB17C38-ADFF-4EF4-A9BA-D25CF06141CF}.Ad-Hoc|iPhone.Deploy.0 = Release|Any CPU
		{9AB17C38-ADFF-4EF4-A9BA-D25CF06141CF}.Ad-Hoc|iPhoneSimulator.ActiveCfg = Release|Any CPU
		{9AB17C38-ADFF-4EF4-A9BA-D25CF06141CF}.Ad-Hoc|iPhoneSimulator.Build.0 = Release|Any CPU
		{9AB17C38-ADFF-4EF4-A9BA-D25CF06141CF}.Ad-Hoc|iPhoneSimulator.Deploy.0 = Release|Any CPU
		{9AB17C38-ADFF-4EF4-A9BA-D25CF06141CF}.Ad-Hoc|x64.ActiveCfg = Release|Any CPU
		{9AB17C38-ADFF-4EF4-A9BA-D25CF06141CF}.Ad-Hoc|x64.Build.0 = Release|Any CPU
		{9AB17C38-ADFF-4EF4-A9BA-D25CF06141CF}.Ad-Hoc|x64.Deploy.0 = Release|Any CPU
		{9AB17C38-ADFF-4EF4-A9BA-D25CF06141CF}.Ad-Hoc|x86.ActiveCfg = Release|Any CPU
		{9AB17C38-ADFF-4EF4-A9BA-D25CF06141CF}.Ad-Hoc|x86.Build.0 = Release|Any CPU
		{9AB17C38-ADFF-4EF4-A9BA-D25CF06141CF}.Ad-Hoc|x86.Deploy.0 = Release|Any CPU
		{9AB17C38-ADFF-4EF4-A9BA-D25CF06141CF}.AppStore|Any CPU.ActiveCfg = Release|Any CPU
		{9AB17C38-ADFF-4EF4-A9BA-D25CF06141CF}.AppStore|Any CPU.Build.0 = Release|Any CPU
		{9AB17C38-ADFF-4EF4-A9BA-D25CF06141CF}.AppStore|Any CPU.Deploy.0 = Release|Any CPU
		{9AB17C38-ADFF-4EF4-A9BA-D25CF06141CF}.AppStore|ARM.ActiveCfg = Release|Any CPU
		{9AB17C38-ADFF-4EF4-A9BA-D25CF06141CF}.AppStore|ARM.Build.0 = Release|Any CPU
		{9AB17C38-ADFF-4EF4-A9BA-D25CF06141CF}.AppStore|ARM.Deploy.0 = Release|Any CPU
		{9AB17C38-ADFF-4EF4-A9BA-D25CF06141CF}.AppStore|iPhone.ActiveCfg = Release|Any CPU
		{9AB17C38-ADFF-4EF4-A9BA-D25CF06141CF}.AppStore|iPhone.Build.0 = Release|Any CPU
		{9AB17C38-ADFF-4EF4-A9BA-D25CF06141CF}.AppStore|iPhone.Deploy.0 = Release|Any CPU
		{9AB17C38-ADFF-4EF4-A9BA-D25CF06141CF}.AppStore|iPhoneSimulator.ActiveCfg = Release|Any CPU
		{9AB17C38-ADFF-4EF4-A9BA-D25CF06141CF}.AppStore|iPhoneSimulator.Build.0 = Release|Any CPU
		{9AB17C38-ADFF-4EF4-A9BA-D25CF06141CF}.AppStore|iPhoneSimulator.Deploy.0 = Release|Any CPU
		{9AB17C38-ADFF-4EF4-A9BA-D25CF06141CF}.AppStore|x64.ActiveCfg = Release|Any CPU
		{9AB17C38-ADFF-4EF4-A9BA-D25CF06141CF}.AppStore|x64.Build.0 = Release|Any CPU
		{9AB17C38-ADFF-4EF4-A9BA-D25CF06141CF}.AppStore|x64.Deploy.0 = Release|Any CPU
		{9AB17C38-ADFF-4EF4-A9BA-D25CF06141CF}.AppStore|x86.ActiveCfg = Release|Any CPU
		{9AB17C38-ADFF-4EF4-A9BA-D25CF06141CF}.AppStore|x86.Build.0 = Release|Any CPU
		{9AB17C38-ADFF-4EF4-A9BA-D25CF06141CF}.AppStore|x86.Deploy.0 = Release|Any CPU
		{9AB17C38-ADFF-4EF4-A9BA-D25CF06141CF}.Debug|Any CPU.ActiveCfg = Debug|Any CPU
		{9AB17C38-ADFF-4EF4-A9BA-D25CF06141CF}.Debug|Any CPU.Build.0 = Debug|Any CPU
		{9AB17C38-ADFF-4EF4-A9BA-D25CF06141CF}.Debug|Any CPU.Deploy.0 = Debug|Any CPU
		{9AB17C38-ADFF-4EF4-A9BA-D25CF06141CF}.Debug|ARM.ActiveCfg = Debug|Any CPU
		{9AB17C38-ADFF-4EF4-A9BA-D25CF06141CF}.Debug|ARM.Build.0 = Debug|Any CPU
		{9AB17C38-ADFF-4EF4-A9BA-D25CF06141CF}.Debug|ARM.Deploy.0 = Debug|Any CPU
		{9AB17C38-ADFF-4EF4-A9BA-D25CF06141CF}.Debug|iPhone.ActiveCfg = Debug|Any CPU
		{9AB17C38-ADFF-4EF4-A9BA-D25CF06141CF}.Debug|iPhone.Build.0 = Debug|Any CPU
		{9AB17C38-ADFF-4EF4-A9BA-D25CF06141CF}.Debug|iPhone.Deploy.0 = Debug|Any CPU
		{9AB17C38-ADFF-4EF4-A9BA-D25CF06141CF}.Debug|iPhoneSimulator.ActiveCfg = Debug|Any CPU
		{9AB17C38-ADFF-4EF4-A9BA-D25CF06141CF}.Debug|iPhoneSimulator.Build.0 = Debug|Any CPU
		{9AB17C38-ADFF-4EF4-A9BA-D25CF06141CF}.Debug|iPhoneSimulator.Deploy.0 = Debug|Any CPU
		{9AB17C38-ADFF-4EF4-A9BA-D25CF06141CF}.Debug|x64.ActiveCfg = Debug|Any CPU
		{9AB17C38-ADFF-4EF4-A9BA-D25CF06141CF}.Debug|x64.Build.0 = Debug|Any CPU
		{9AB17C38-ADFF-4EF4-A9BA-D25CF06141CF}.Debug|x64.Deploy.0 = Debug|Any CPU
		{9AB17C38-ADFF-4EF4-A9BA-D25CF06141CF}.Debug|x86.ActiveCfg = Debug|Any CPU
		{9AB17C38-ADFF-4EF4-A9BA-D25CF06141CF}.Debug|x86.Build.0 = Debug|Any CPU
		{9AB17C38-ADFF-4EF4-A9BA-D25CF06141CF}.Debug|x86.Deploy.0 = Debug|Any CPU
		{9AB17C38-ADFF-4EF4-A9BA-D25CF06141CF}.Release|Any CPU.ActiveCfg = Release|Any CPU
		{9AB17C38-ADFF-4EF4-A9BA-D25CF06141CF}.Release|Any CPU.Build.0 = Release|Any CPU
		{9AB17C38-ADFF-4EF4-A9BA-D25CF06141CF}.Release|Any CPU.Deploy.0 = Release|Any CPU
		{9AB17C38-ADFF-4EF4-A9BA-D25CF06141CF}.Release|ARM.ActiveCfg = Release|Any CPU
		{9AB17C38-ADFF-4EF4-A9BA-D25CF06141CF}.Release|ARM.Build.0 = Release|Any CPU
		{9AB17C38-ADFF-4EF4-A9BA-D25CF06141CF}.Release|ARM.Deploy.0 = Release|Any CPU
		{9AB17C38-ADFF-4EF4-A9BA-D25CF06141CF}.Release|iPhone.ActiveCfg = Release|Any CPU
		{9AB17C38-ADFF-4EF4-A9BA-D25CF06141CF}.Release|iPhone.Build.0 = Release|Any CPU
		{9AB17C38-ADFF-4EF4-A9BA-D25CF06141CF}.Release|iPhone.Deploy.0 = Release|Any CPU
		{9AB17C38-ADFF-4EF4-A9BA-D25CF06141CF}.Release|iPhoneSimulator.ActiveCfg = Release|Any CPU
		{9AB17C38-ADFF-4EF4-A9BA-D25CF06141CF}.Release|iPhoneSimulator.Build.0 = Release|Any CPU
		{9AB17C38-ADFF-4EF4-A9BA-D25CF06141CF}.Release|iPhoneSimulator.Deploy.0 = Release|Any CPU
		{9AB17C38-ADFF-4EF4-A9BA-D25CF06141CF}.Release|x64.ActiveCfg = Release|Any CPU
		{9AB17C38-ADFF-4EF4-A9BA-D25CF06141CF}.Release|x64.Build.0 = Release|Any CPU
		{9AB17C38-ADFF-4EF4-A9BA-D25CF06141CF}.Release|x64.Deploy.0 = Release|Any CPU
		{9AB17C38-ADFF-4EF4-A9BA-D25CF06141CF}.Release|x86.ActiveCfg = Release|Any CPU
		{9AB17C38-ADFF-4EF4-A9BA-D25CF06141CF}.Release|x86.Build.0 = Release|Any CPU
		{9AB17C38-ADFF-4EF4-A9BA-D25CF06141CF}.Release|x86.Deploy.0 = Release|Any CPU
		{A2BD7270-2168-4392-9769-4E9FE1910697}.Ad-Hoc|Any CPU.ActiveCfg = Ad-Hoc|iPhone
		{A2BD7270-2168-4392-9769-4E9FE1910697}.Ad-Hoc|ARM.ActiveCfg = Ad-Hoc|iPhone
		{A2BD7270-2168-4392-9769-4E9FE1910697}.Ad-Hoc|iPhone.ActiveCfg = Ad-Hoc|iPhone
		{A2BD7270-2168-4392-9769-4E9FE1910697}.Ad-Hoc|iPhone.Build.0 = Ad-Hoc|iPhone
		{A2BD7270-2168-4392-9769-4E9FE1910697}.Ad-Hoc|iPhoneSimulator.ActiveCfg = Ad-Hoc|iPhoneSimulator
		{A2BD7270-2168-4392-9769-4E9FE1910697}.Ad-Hoc|iPhoneSimulator.Build.0 = Ad-Hoc|iPhoneSimulator
		{A2BD7270-2168-4392-9769-4E9FE1910697}.Ad-Hoc|x64.ActiveCfg = Ad-Hoc|iPhone
		{A2BD7270-2168-4392-9769-4E9FE1910697}.Ad-Hoc|x86.ActiveCfg = Ad-Hoc|iPhone
		{A2BD7270-2168-4392-9769-4E9FE1910697}.AppStore|Any CPU.ActiveCfg = AppStore|iPhone
		{A2BD7270-2168-4392-9769-4E9FE1910697}.AppStore|ARM.ActiveCfg = AppStore|iPhone
		{A2BD7270-2168-4392-9769-4E9FE1910697}.AppStore|iPhone.ActiveCfg = AppStore|iPhone
		{A2BD7270-2168-4392-9769-4E9FE1910697}.AppStore|iPhone.Build.0 = AppStore|iPhone
		{A2BD7270-2168-4392-9769-4E9FE1910697}.AppStore|iPhoneSimulator.ActiveCfg = AppStore|iPhoneSimulator
		{A2BD7270-2168-4392-9769-4E9FE1910697}.AppStore|iPhoneSimulator.Build.0 = AppStore|iPhoneSimulator
		{A2BD7270-2168-4392-9769-4E9FE1910697}.AppStore|x64.ActiveCfg = AppStore|iPhone
		{A2BD7270-2168-4392-9769-4E9FE1910697}.AppStore|x86.ActiveCfg = AppStore|iPhone
		{A2BD7270-2168-4392-9769-4E9FE1910697}.Debug|Any CPU.ActiveCfg = Debug|iPhone
		{A2BD7270-2168-4392-9769-4E9FE1910697}.Debug|ARM.ActiveCfg = Debug|iPhone
		{A2BD7270-2168-4392-9769-4E9FE1910697}.Debug|iPhone.ActiveCfg = Debug|iPhone
		{A2BD7270-2168-4392-9769-4E9FE1910697}.Debug|iPhone.Build.0 = Debug|iPhone
		{A2BD7270-2168-4392-9769-4E9FE1910697}.Debug|iPhoneSimulator.ActiveCfg = Debug|iPhoneSimulator
		{A2BD7270-2168-4392-9769-4E9FE1910697}.Debug|iPhoneSimulator.Build.0 = Debug|iPhoneSimulator
		{A2BD7270-2168-4392-9769-4E9FE1910697}.Debug|x64.ActiveCfg = Debug|iPhone
		{A2BD7270-2168-4392-9769-4E9FE1910697}.Debug|x86.ActiveCfg = Debug|iPhone
		{A2BD7270-2168-4392-9769-4E9FE1910697}.Release|Any CPU.ActiveCfg = Release|iPhone
		{A2BD7270-2168-4392-9769-4E9FE1910697}.Release|ARM.ActiveCfg = Release|iPhone
		{A2BD7270-2168-4392-9769-4E9FE1910697}.Release|iPhone.ActiveCfg = Release|iPhone
		{A2BD7270-2168-4392-9769-4E9FE1910697}.Release|iPhone.Build.0 = Release|iPhone
		{A2BD7270-2168-4392-9769-4E9FE1910697}.Release|iPhoneSimulator.ActiveCfg = Release|iPhoneSimulator
		{A2BD7270-2168-4392-9769-4E9FE1910697}.Release|iPhoneSimulator.Build.0 = Release|iPhoneSimulator
		{A2BD7270-2168-4392-9769-4E9FE1910697}.Release|x64.ActiveCfg = Release|iPhone
		{A2BD7270-2168-4392-9769-4E9FE1910697}.Release|x86.ActiveCfg = Release|iPhone
		{9FF31E9D-8351-46AF-88AD-3C2F4D8C1F96}.Ad-Hoc|Any CPU.ActiveCfg = Release|x86
		{9FF31E9D-8351-46AF-88AD-3C2F4D8C1F96}.Ad-Hoc|Any CPU.Build.0 = Release|x86
		{9FF31E9D-8351-46AF-88AD-3C2F4D8C1F96}.Ad-Hoc|Any CPU.Deploy.0 = Release|x86
		{9FF31E9D-8351-46AF-88AD-3C2F4D8C1F96}.Ad-Hoc|ARM.ActiveCfg = Release|ARM
		{9FF31E9D-8351-46AF-88AD-3C2F4D8C1F96}.Ad-Hoc|ARM.Build.0 = Release|ARM
		{9FF31E9D-8351-46AF-88AD-3C2F4D8C1F96}.Ad-Hoc|ARM.Deploy.0 = Release|ARM
		{9FF31E9D-8351-46AF-88AD-3C2F4D8C1F96}.Ad-Hoc|iPhone.ActiveCfg = Release|x86
		{9FF31E9D-8351-46AF-88AD-3C2F4D8C1F96}.Ad-Hoc|iPhone.Build.0 = Release|x86
		{9FF31E9D-8351-46AF-88AD-3C2F4D8C1F96}.Ad-Hoc|iPhone.Deploy.0 = Release|x86
		{9FF31E9D-8351-46AF-88AD-3C2F4D8C1F96}.Ad-Hoc|iPhoneSimulator.ActiveCfg = Release|x86
		{9FF31E9D-8351-46AF-88AD-3C2F4D8C1F96}.Ad-Hoc|iPhoneSimulator.Build.0 = Release|x86
		{9FF31E9D-8351-46AF-88AD-3C2F4D8C1F96}.Ad-Hoc|iPhoneSimulator.Deploy.0 = Release|x86
		{9FF31E9D-8351-46AF-88AD-3C2F4D8C1F96}.Ad-Hoc|x64.ActiveCfg = Release|x64
		{9FF31E9D-8351-46AF-88AD-3C2F4D8C1F96}.Ad-Hoc|x64.Build.0 = Release|x64
		{9FF31E9D-8351-46AF-88AD-3C2F4D8C1F96}.Ad-Hoc|x64.Deploy.0 = Release|x64
		{9FF31E9D-8351-46AF-88AD-3C2F4D8C1F96}.Ad-Hoc|x86.ActiveCfg = Release|x86
		{9FF31E9D-8351-46AF-88AD-3C2F4D8C1F96}.Ad-Hoc|x86.Build.0 = Release|x86
		{9FF31E9D-8351-46AF-88AD-3C2F4D8C1F96}.Ad-Hoc|x86.Deploy.0 = Release|x86
		{9FF31E9D-8351-46AF-88AD-3C2F4D8C1F96}.AppStore|Any CPU.ActiveCfg = Release|x86
		{9FF31E9D-8351-46AF-88AD-3C2F4D8C1F96}.AppStore|Any CPU.Build.0 = Release|x86
		{9FF31E9D-8351-46AF-88AD-3C2F4D8C1F96}.AppStore|Any CPU.Deploy.0 = Release|x86
		{9FF31E9D-8351-46AF-88AD-3C2F4D8C1F96}.AppStore|ARM.ActiveCfg = Release|ARM
		{9FF31E9D-8351-46AF-88AD-3C2F4D8C1F96}.AppStore|ARM.Build.0 = Release|ARM
		{9FF31E9D-8351-46AF-88AD-3C2F4D8C1F96}.AppStore|ARM.Deploy.0 = Release|ARM
		{9FF31E9D-8351-46AF-88AD-3C2F4D8C1F96}.AppStore|iPhone.ActiveCfg = Release|x86
		{9FF31E9D-8351-46AF-88AD-3C2F4D8C1F96}.AppStore|iPhone.Build.0 = Release|x86
		{9FF31E9D-8351-46AF-88AD-3C2F4D8C1F96}.AppStore|iPhone.Deploy.0 = Release|x86
		{9FF31E9D-8351-46AF-88AD-3C2F4D8C1F96}.AppStore|iPhoneSimulator.ActiveCfg = Release|x86
		{9FF31E9D-8351-46AF-88AD-3C2F4D8C1F96}.AppStore|iPhoneSimulator.Build.0 = Release|x86
		{9FF31E9D-8351-46AF-88AD-3C2F4D8C1F96}.AppStore|iPhoneSimulator.Deploy.0 = Release|x86
		{9FF31E9D-8351-46AF-88AD-3C2F4D8C1F96}.AppStore|x64.ActiveCfg = Release|x64
		{9FF31E9D-8351-46AF-88AD-3C2F4D8C1F96}.AppStore|x64.Build.0 = Release|x64
		{9FF31E9D-8351-46AF-88AD-3C2F4D8C1F96}.AppStore|x64.Deploy.0 = Release|x64
		{9FF31E9D-8351-46AF-88AD-3C2F4D8C1F96}.AppStore|x86.ActiveCfg = Release|x86
		{9FF31E9D-8351-46AF-88AD-3C2F4D8C1F96}.AppStore|x86.Build.0 = Release|x86
		{9FF31E9D-8351-46AF-88AD-3C2F4D8C1F96}.AppStore|x86.Deploy.0 = Release|x86
		{9FF31E9D-8351-46AF-88AD-3C2F4D8C1F96}.Debug|Any CPU.ActiveCfg = Debug|x86
		{9FF31E9D-8351-46AF-88AD-3C2F4D8C1F96}.Debug|ARM.ActiveCfg = Debug|ARM
		{9FF31E9D-8351-46AF-88AD-3C2F4D8C1F96}.Debug|ARM.Build.0 = Debug|ARM
		{9FF31E9D-8351-46AF-88AD-3C2F4D8C1F96}.Debug|ARM.Deploy.0 = Debug|ARM
		{9FF31E9D-8351-46AF-88AD-3C2F4D8C1F96}.Debug|iPhone.ActiveCfg = Debug|x86
		{9FF31E9D-8351-46AF-88AD-3C2F4D8C1F96}.Debug|iPhoneSimulator.ActiveCfg = Debug|x86
		{9FF31E9D-8351-46AF-88AD-3C2F4D8C1F96}.Debug|x64.ActiveCfg = Debug|x64
		{9FF31E9D-8351-46AF-88AD-3C2F4D8C1F96}.Debug|x64.Build.0 = Debug|x64
		{9FF31E9D-8351-46AF-88AD-3C2F4D8C1F96}.Debug|x64.Deploy.0 = Debug|x64
		{9FF31E9D-8351-46AF-88AD-3C2F4D8C1F96}.Debug|x86.ActiveCfg = Debug|x86
		{9FF31E9D-8351-46AF-88AD-3C2F4D8C1F96}.Debug|x86.Build.0 = Debug|x86
		{9FF31E9D-8351-46AF-88AD-3C2F4D8C1F96}.Debug|x86.Deploy.0 = Debug|x86
		{9FF31E9D-8351-46AF-88AD-3C2F4D8C1F96}.Release|Any CPU.ActiveCfg = Release|x86
		{9FF31E9D-8351-46AF-88AD-3C2F4D8C1F96}.Release|ARM.ActiveCfg = Release|ARM
		{9FF31E9D-8351-46AF-88AD-3C2F4D8C1F96}.Release|ARM.Build.0 = Release|ARM
		{9FF31E9D-8351-46AF-88AD-3C2F4D8C1F96}.Release|ARM.Deploy.0 = Release|ARM
		{9FF31E9D-8351-46AF-88AD-3C2F4D8C1F96}.Release|iPhone.ActiveCfg = Release|x86
		{9FF31E9D-8351-46AF-88AD-3C2F4D8C1F96}.Release|iPhoneSimulator.ActiveCfg = Release|x86
		{9FF31E9D-8351-46AF-88AD-3C2F4D8C1F96}.Release|x64.ActiveCfg = Release|x64
		{9FF31E9D-8351-46AF-88AD-3C2F4D8C1F96}.Release|x64.Build.0 = Release|x64
		{9FF31E9D-8351-46AF-88AD-3C2F4D8C1F96}.Release|x64.Deploy.0 = Release|x64
		{9FF31E9D-8351-46AF-88AD-3C2F4D8C1F96}.Release|x86.ActiveCfg = Release|x86
		{9FF31E9D-8351-46AF-88AD-3C2F4D8C1F96}.Release|x86.Build.0 = Release|x86
		{9FF31E9D-8351-46AF-88AD-3C2F4D8C1F96}.Release|x86.Deploy.0 = Release|x86
		{0FACC110-256A-423F-B4D9-C33743E62117}.Ad-Hoc|Any CPU.ActiveCfg = Release|Any CPU
		{0FACC110-256A-423F-B4D9-C33743E62117}.Ad-Hoc|Any CPU.Build.0 = Release|Any CPU
		{0FACC110-256A-423F-B4D9-C33743E62117}.Ad-Hoc|ARM.ActiveCfg = Release|Any CPU
		{0FACC110-256A-423F-B4D9-C33743E62117}.Ad-Hoc|ARM.Build.0 = Release|Any CPU
		{0FACC110-256A-423F-B4D9-C33743E62117}.Ad-Hoc|iPhone.ActiveCfg = Release|Any CPU
		{0FACC110-256A-423F-B4D9-C33743E62117}.Ad-Hoc|iPhone.Build.0 = Release|Any CPU
		{0FACC110-256A-423F-B4D9-C33743E62117}.Ad-Hoc|iPhoneSimulator.ActiveCfg = Release|Any CPU
		{0FACC110-256A-423F-B4D9-C33743E62117}.Ad-Hoc|iPhoneSimulator.Build.0 = Release|Any CPU
		{0FACC110-256A-423F-B4D9-C33743E62117}.Ad-Hoc|x64.ActiveCfg = Release|Any CPU
		{0FACC110-256A-423F-B4D9-C33743E62117}.Ad-Hoc|x64.Build.0 = Release|Any CPU
		{0FACC110-256A-423F-B4D9-C33743E62117}.Ad-Hoc|x86.ActiveCfg = Release|Any CPU
		{0FACC110-256A-423F-B4D9-C33743E62117}.Ad-Hoc|x86.Build.0 = Release|Any CPU
		{0FACC110-256A-423F-B4D9-C33743E62117}.AppStore|Any CPU.ActiveCfg = Release|Any CPU
		{0FACC110-256A-423F-B4D9-C33743E62117}.AppStore|Any CPU.Build.0 = Release|Any CPU
		{0FACC110-256A-423F-B4D9-C33743E62117}.AppStore|ARM.ActiveCfg = Release|Any CPU
		{0FACC110-256A-423F-B4D9-C33743E62117}.AppStore|ARM.Build.0 = Release|Any CPU
		{0FACC110-256A-423F-B4D9-C33743E62117}.AppStore|iPhone.ActiveCfg = Release|Any CPU
		{0FACC110-256A-423F-B4D9-C33743E62117}.AppStore|iPhone.Build.0 = Release|Any CPU
		{0FACC110-256A-423F-B4D9-C33743E62117}.AppStore|iPhoneSimulator.ActiveCfg = Release|Any CPU
		{0FACC110-256A-423F-B4D9-C33743E62117}.AppStore|iPhoneSimulator.Build.0 = Release|Any CPU
		{0FACC110-256A-423F-B4D9-C33743E62117}.AppStore|x64.ActiveCfg = Release|Any CPU
		{0FACC110-256A-423F-B4D9-C33743E62117}.AppStore|x64.Build.0 = Release|Any CPU
		{0FACC110-256A-423F-B4D9-C33743E62117}.AppStore|x86.ActiveCfg = Release|Any CPU
		{0FACC110-256A-423F-B4D9-C33743E62117}.AppStore|x86.Build.0 = Release|Any CPU
		{0FACC110-256A-423F-B4D9-C33743E62117}.Debug|Any CPU.ActiveCfg = Debug|Any CPU
		{0FACC110-256A-423F-B4D9-C33743E62117}.Debug|Any CPU.Build.0 = Debug|Any CPU
		{0FACC110-256A-423F-B4D9-C33743E62117}.Debug|ARM.ActiveCfg = Debug|Any CPU
		{0FACC110-256A-423F-B4D9-C33743E62117}.Debug|ARM.Build.0 = Debug|Any CPU
		{0FACC110-256A-423F-B4D9-C33743E62117}.Debug|iPhone.ActiveCfg = Debug|Any CPU
		{0FACC110-256A-423F-B4D9-C33743E62117}.Debug|iPhone.Build.0 = Debug|Any CPU
		{0FACC110-256A-423F-B4D9-C33743E62117}.Debug|iPhoneSimulator.ActiveCfg = Debug|Any CPU
		{0FACC110-256A-423F-B4D9-C33743E62117}.Debug|iPhoneSimulator.Build.0 = Debug|Any CPU
		{0FACC110-256A-423F-B4D9-C33743E62117}.Debug|x64.ActiveCfg = Debug|Any CPU
		{0FACC110-256A-423F-B4D9-C33743E62117}.Debug|x64.Build.0 = Debug|Any CPU
		{0FACC110-256A-423F-B4D9-C33743E62117}.Debug|x86.ActiveCfg = Debug|Any CPU
		{0FACC110-256A-423F-B4D9-C33743E62117}.Debug|x86.Build.0 = Debug|Any CPU
		{0FACC110-256A-423F-B4D9-C33743E62117}.Release|Any CPU.ActiveCfg = Release|Any CPU
		{0FACC110-256A-423F-B4D9-C33743E62117}.Release|Any CPU.Build.0 = Release|Any CPU
		{0FACC110-256A-423F-B4D9-C33743E62117}.Release|ARM.ActiveCfg = Release|Any CPU
		{0FACC110-256A-423F-B4D9-C33743E62117}.Release|ARM.Build.0 = Release|Any CPU
		{0FACC110-256A-423F-B4D9-C33743E62117}.Release|iPhone.ActiveCfg = Release|Any CPU
		{0FACC110-256A-423F-B4D9-C33743E62117}.Release|iPhone.Build.0 = Release|Any CPU
		{0FACC110-256A-423F-B4D9-C33743E62117}.Release|iPhoneSimulator.ActiveCfg = Release|Any CPU
		{0FACC110-256A-423F-B4D9-C33743E62117}.Release|iPhoneSimulator.Build.0 = Release|Any CPU
		{0FACC110-256A-423F-B4D9-C33743E62117}.Release|x64.ActiveCfg = Release|Any CPU
		{0FACC110-256A-423F-B4D9-C33743E62117}.Release|x64.Build.0 = Release|Any CPU
		{0FACC110-256A-423F-B4D9-C33743E62117}.Release|x86.ActiveCfg = Release|Any CPU
		{0FACC110-256A-423F-B4D9-C33743E62117}.Release|x86.Build.0 = Release|Any CPU
	EndGlobalSection
	GlobalSection(SolutionProperties) = preSolution
		HideSolutionNode = FALSE
	EndGlobalSection
EndGlobal
